
Microsoft Visual Studio Solution File, Format Version 11.00
# Visual Studio 2010
Project("{FAE04EC0-301F-11D3-BF4B-00C04F79EFBC}") = "CarPass.Spatial.Interface", "CarPass.Spatial.Interface\CarPass.Spatial.Interface.csproj", "{75AEDA4E-298F-4C29-8524-9DB50BB0CCBD}"
EndProject
Project("{FAE04EC0-301F-11D3-BF4B-00C04F79EFBC}") = "CarPass.Spatial.Interface.Test", "CarPass.Spatial.Interface.Test\CarPass.Spatial.Interface.Test.csproj", "{919A8BA3-E69B-4C41-982A-03AFE1AE2D4D}"
EndProject
Project("{2150E333-8FDC-42A3-9474-1A3956D46DE8}") = "Solution Items", "Solution Items", "{DB7F619F-B03B-4804-B776-1B924BF90909}"
	ProjectSection(SolutionItems) = preProject
		Geolocations-Interface.vsmdi = Geolocations-Interface.vsmdi
		Local.testsettings = Local.testsettings
		TraceAndTestImpact.testsettings = TraceAndTestImpact.testsettings
	EndProjectSection
EndProject
Project("{FAE04EC0-301F-11D3-BF4B-00C04F79EFBC}") = "CarPass.Spatial.Services", "CarPass.Spatial.Services\CarPass.Spatial.Services.csproj", "{A87E956B-5E25-4811-A6A3-F4335EF9208C}"
EndProject
Global
	GlobalSection(TestCaseManagementSettings) = postSolution
		CategoryFile = Geolocations-Interface.vsmdi
	EndGlobalSection
	GlobalSection(SolutionConfigurationPlatforms) = preSolution
		Debug|Any CPU = Debug|Any CPU
		Release|Any CPU = Release|Any CPU
	EndGlobalSection
	GlobalSection(ProjectConfigurationPlatforms) = postSolution
		{75AEDA4E-298F-4C29-8524-9DB50BB0CCBD}.Debug|Any CPU.ActiveCfg = Debug|Any CPU
		{75AEDA4E-298F-4C29-8524-9DB50BB0CCBD}.Debug|Any CPU.Build.0 = Debug|Any CPU
		{75AEDA4E-298F-4C29-8524-9DB50BB0CCBD}.Release|Any CPU.ActiveCfg = Release|Any CPU
		{75AEDA4E-298F-4C29-8524-9DB50BB0CCBD}.Release|Any CPU.Build.0 = Release|Any CPU
		{919A8BA3-E69B-4C41-982A-03AFE1AE2D4D}.Debug|Any CPU.ActiveCfg = Debug|Any CPU
		{919A8BA3-E69B-4C41-982A-03AFE1AE2D4D}.Debug|Any CPU.Build.0 = Debug|Any CPU
		{919A8BA3-E69B-4C41-982A-03AFE1AE2D4D}.Release|Any CPU.ActiveCfg = Release|Any CPU
		{919A8BA3-E69B-4C41-982A-03AFE1AE2D4D}.Release|Any CPU.Build.0 = Release|Any CPU
		{A87E956B-5E25-4811-A6A3-F4335EF9208C}.Debug|Any CPU.ActiveCfg = Debug|Any CPU
		{A87E956B-5E25-4811-A6A3-F4335EF9208C}.Debug|Any CPU.Build.0 = Debug|Any CPU
		{A87E956B-5E25-4811-A6A3-F4335EF9208C}.Release|Any CPU.ActiveCfg = Release|Any CPU
		{A87E956B-5E25-4811-A6A3-F4335EF9208C}.Release|Any CPU.Build.0 = Release|Any CPU
	EndGlobalSection
	GlobalSection(SolutionProperties) = preSolution
		HideSolutionNode = FALSE
	EndGlobalSection
EndGlobal
